
Microsoft Visual Studio Solution File, Format Version 12.00
# Visual Studio 14
VisualStudioVersion = 14.0.25420.1
MinimumVisualStudioVersion = 10.0.40219.1
Project("{FAE04EC0-301F-11D3-BF4B-00C04F79EFBC}") = "Data.Model", "Data.Model\Data.Model.csproj", "{05A94AA9-CAC1-46A1-928B-17ECAAFF7776}"
EndProject
Project("{FAE04EC0-301F-11D3-BF4B-00C04F79EFBC}") = "Business.View", "Business.View\Business.View.csproj", "{F83D5BDD-DD12-42E3-B462-0445F7CCF0E4}"
EndProject
Project("{FAE04EC0-301F-11D3-BF4B-00C04F79EFBC}") = "Business.Process", "Business.Process\Business.Process.csproj", "{735EDC9E-11BC-4942-A4B9-91A1E6E4BA5B}"
EndProject
Project("{FAE04EC0-301F-11D3-BF4B-00C04F79EFBC}") = "Present.QueueProcessor", "Present.QueueProcessor\Present.QueueProcessor.csproj", "{3BD333D8-CACA-4407-9B6F-670F76E1BAEC}"
EndProject
Project("{FAE04EC0-301F-11D3-BF4B-00C04F79EFBC}") = "Test.QueueProcessor", "Test.QueueProcessor\Test.QueueProcessor.csproj", "{D3A150C5-2359-4CAF-AF55-560F5B660547}"
EndProject
Project("{FAE04EC0-301F-11D3-BF4B-00C04F79EFBC}") = "Business.Exec.Generic", "Business.Exec.Generic\Business.Exec.Generic.csproj", "{B4575122-06BD-4841-B16E-2AC5FA404864}"
EndProject
Project("{FAE04EC0-301F-11D3-BF4B-00C04F79EFBC}") = "Business.Exec.API", "Business.Exec.API\Business.Exec.API.csproj", "{414DCCB3-7010-4835-93BC-DD82DFA09639}"
EndProject
Project("{FAE04EC0-301F-11D3-BF4B-00C04F79EFBC}") = "TestAPI", "TestAPI\TestAPI.csproj", "{7CE82386-6BC1-4033-B361-C11A03B1A91D}"
EndProject
Project("{FAE04EC0-301F-11D3-BF4B-00C04F79EFBC}") = "Present.Maintenance", "Present.Maintenance\Present.Maintenance.csproj", "{AE4E9547-624E-4716-A6AD-6BF1E94CF8D8}"
EndProject
Project("{FAE04EC0-301F-11D3-BF4B-00C04F79EFBC}") = "Business.Maintenance", "Business.Maintenance\Business.Maintenance.csproj", "{02FD24BB-8E42-426C-8244-0EF2414FDB4D}"
EndProject
Project("{FAE04EC0-301F-11D3-BF4B-00C04F79EFBC}") = "Present.API", "Present.API\Present.API.csproj", "{D088861D-2CB9-44B7-A769-C0D403BE194E}"
EndProject
Project("{FAE04EC0-301F-11D3-BF4B-00C04F79EFBC}") = "Business.Request", "Business.Request\Business.Request.csproj", "{83577118-D8B4-4053-9D7F-658C72BCBE86}"
EndProject
Project("{2150E333-8FDC-42A3-9474-1A3956D46DE8}") = "External DLLs", "External DLLs", "{38983137-882D-4979-9EAB-A6D1B4BCEFAC}"
EndProject
Project("{FAE04EC0-301F-11D3-BF4B-00C04F79EFBC}") = "Business.OperationSettings", "Business.OperationSettings\Business.OperationSettings.csproj", "{AD6916AE-D082-402E-A151-127748D3A61F}"
EndProject
Project("{2150E333-8FDC-42A3-9474-1A3956D46DE8}") = "Mora.Common", "Mora.Common", "{B7297EC4-600D-4C99-878F-A66051EEAF29}"
	ProjectSection(SolutionItems) = preProject
		External DLLs\Mora.Common\Mora.Common.Method.Parameter.dll = External DLLs\Mora.Common\Mora.Common.Method.Parameter.dll
		External DLLs\Mora.Common\Mora.Common.Method.Parameter.pdb = External DLLs\Mora.Common\Mora.Common.Method.Parameter.pdb
		External DLLs\Mora.Common\Mora.Common.Vault.dll = External DLLs\Mora.Common\Mora.Common.Vault.dll
		External DLLs\Mora.Common\Mora.Common.Vault.pdb = External DLLs\Mora.Common\Mora.Common.Vault.pdb
	EndProjectSection
EndProject
Project("{2150E333-8FDC-42A3-9474-1A3956D46DE8}") = "Mora.Logger", "Mora.Logger", "{564CA019-52C8-4F50-A384-4316E67CBF42}"
	ProjectSection(SolutionItems) = preProject
		External DLLs\Mora.Logger\create Mora.Logger.MsSqlLogger schema.sql = External DLLs\Mora.Logger\create Mora.Logger.MsSqlLogger schema.sql
		External DLLs\Mora.Logger\EntityFramework.dll = External DLLs\Mora.Logger\EntityFramework.dll
		External DLLs\Mora.Logger\EntityFramework.SqlServer.dll = External DLLs\Mora.Logger\EntityFramework.SqlServer.dll
		External DLLs\Mora.Logger\EntityFramework.SqlServer.xml = External DLLs\Mora.Logger\EntityFramework.SqlServer.xml
		External DLLs\Mora.Logger\EntityFramework.xml = External DLLs\Mora.Logger\EntityFramework.xml
		External DLLs\Mora.Logger\Mora.Logger.ILogger.dll = External DLLs\Mora.Logger\Mora.Logger.ILogger.dll
		External DLLs\Mora.Logger\Mora.Logger.ILogger.pdb = External DLLs\Mora.Logger\Mora.Logger.ILogger.pdb
		External DLLs\Mora.Logger\Mora.Logger.MsSqlLogger.dll = External DLLs\Mora.Logger\Mora.Logger.MsSqlLogger.dll
		External DLLs\Mora.Logger\Mora.Logger.MsSqlLogger.dll.config = External DLLs\Mora.Logger\Mora.Logger.MsSqlLogger.dll.config
		External DLLs\Mora.Logger\Mora.Logger.MsSqlLogger.pdb = External DLLs\Mora.Logger\Mora.Logger.MsSqlLogger.pdb
	EndProjectSection
EndProject
Global
	GlobalSection(SolutionConfigurationPlatforms) = preSolution
		Debug|Any CPU = Debug|Any CPU
		Release|Any CPU = Release|Any CPU
	EndGlobalSection
	GlobalSection(ProjectConfigurationPlatforms) = postSolution
		{05A94AA9-CAC1-46A1-928B-17ECAAFF7776}.Debug|Any CPU.ActiveCfg = Debug|Any CPU
		{05A94AA9-CAC1-46A1-928B-17ECAAFF7776}.Debug|Any CPU.Build.0 = Debug|Any CPU
		{05A94AA9-CAC1-46A1-928B-17ECAAFF7776}.Release|Any CPU.ActiveCfg = Release|Any CPU
		{05A94AA9-CAC1-46A1-928B-17ECAAFF7776}.Release|Any CPU.Build.0 = Release|Any CPU
		{F83D5BDD-DD12-42E3-B462-0445F7CCF0E4}.Debug|Any CPU.ActiveCfg = Debug|Any CPU
		{F83D5BDD-DD12-42E3-B462-0445F7CCF0E4}.Debug|Any CPU.Build.0 = Debug|Any CPU
		{F83D5BDD-DD12-42E3-B462-0445F7CCF0E4}.Release|Any CPU.ActiveCfg = Release|Any CPU
		{F83D5BDD-DD12-42E3-B462-0445F7CCF0E4}.Release|Any CPU.Build.0 = Release|Any CPU
		{735EDC9E-11BC-4942-A4B9-91A1E6E4BA5B}.Debug|Any CPU.ActiveCfg = Debug|Any CPU
		{735EDC9E-11BC-4942-A4B9-91A1E6E4BA5B}.Debug|Any CPU.Build.0 = Debug|Any CPU
		{735EDC9E-11BC-4942-A4B9-91A1E6E4BA5B}.Release|Any CPU.ActiveCfg = Release|Any CPU
		{735EDC9E-11BC-4942-A4B9-91A1E6E4BA5B}.Release|Any CPU.Build.0 = Release|Any CPU
		{3BD333D8-CACA-4407-9B6F-670F76E1BAEC}.Debug|Any CPU.ActiveCfg = Debug|Any CPU
		{3BD333D8-CACA-4407-9B6F-670F76E1BAEC}.Debug|Any CPU.Build.0 = Debug|Any CPU
		{3BD333D8-CACA-4407-9B6F-670F76E1BAEC}.Release|Any CPU.ActiveCfg = Release|Any CPU
		{3BD333D8-CACA-4407-9B6F-670F76E1BAEC}.Release|Any CPU.Build.0 = Release|Any CPU
		{D3A150C5-2359-4CAF-AF55-560F5B660547}.Debug|Any CPU.ActiveCfg = Debug|Any CPU
		{D3A150C5-2359-4CAF-AF55-560F5B660547}.Debug|Any CPU.Build.0 = Debug|Any CPU
		{D3A150C5-2359-4CAF-AF55-560F5B660547}.Release|Any CPU.ActiveCfg = Release|Any CPU
		{D3A150C5-2359-4CAF-AF55-560F5B660547}.Release|Any CPU.Build.0 = Release|Any CPU
		{B4575122-06BD-4841-B16E-2AC5FA404864}.Debug|Any CPU.ActiveCfg = Debug|Any CPU
		{B4575122-06BD-4841-B16E-2AC5FA404864}.Debug|Any CPU.Build.0 = Debug|Any CPU
		{B4575122-06BD-4841-B16E-2AC5FA404864}.Release|Any CPU.ActiveCfg = Release|Any CPU
		{B4575122-06BD-4841-B16E-2AC5FA404864}.Release|Any CPU.Build.0 = Release|Any CPU
		{414DCCB3-7010-4835-93BC-DD82DFA09639}.Debug|Any CPU.ActiveCfg = Debug|Any CPU
		{414DCCB3-7010-4835-93BC-DD82DFA09639}.Debug|Any CPU.Build.0 = Debug|Any CPU
		{414DCCB3-7010-4835-93BC-DD82DFA09639}.Release|Any CPU.ActiveCfg = Release|Any CPU
		{414DCCB3-7010-4835-93BC-DD82DFA09639}.Release|Any CPU.Build.0 = Release|Any CPU
		{7CE82386-6BC1-4033-B361-C11A03B1A91D}.Debug|Any CPU.ActiveCfg = Debug|Any CPU
		{7CE82386-6BC1-4033-B361-C11A03B1A91D}.Debug|Any CPU.Build.0 = Debug|Any CPU
		{7CE82386-6BC1-4033-B361-C11A03B1A91D}.Release|Any CPU.ActiveCfg = Release|Any CPU
		{7CE82386-6BC1-4033-B361-C11A03B1A91D}.Release|Any CPU.Build.0 = Release|Any CPU
		{AE4E9547-624E-4716-A6AD-6BF1E94CF8D8}.Debug|Any CPU.ActiveCfg = Debug|Any CPU
		{AE4E9547-624E-4716-A6AD-6BF1E94CF8D8}.Debug|Any CPU.Build.0 = Debug|Any CPU
		{AE4E9547-624E-4716-A6AD-6BF1E94CF8D8}.Release|Any CPU.ActiveCfg = Release|Any CPU
		{AE4E9547-624E-4716-A6AD-6BF1E94CF8D8}.Release|Any CPU.Build.0 = Release|Any CPU
		{02FD24BB-8E42-426C-8244-0EF2414FDB4D}.Debug|Any CPU.ActiveCfg = Debug|Any CPU
		{02FD24BB-8E42-426C-8244-0EF2414FDB4D}.Debug|Any CPU.Build.0 = Debug|Any CPU
		{02FD24BB-8E42-426C-8244-0EF2414FDB4D}.Release|Any CPU.ActiveCfg = Release|Any CPU
		{02FD24BB-8E42-426C-8244-0EF2414FDB4D}.Release|Any CPU.Build.0 = Release|Any CPU
		{D088861D-2CB9-44B7-A769-C0D403BE194E}.Debug|Any CPU.ActiveCfg = Debug|Any CPU
		{D088861D-2CB9-44B7-A769-C0D403BE194E}.Debug|Any CPU.Build.0 = Debug|Any CPU
		{D088861D-2CB9-44B7-A769-C0D403BE194E}.Release|Any CPU.ActiveCfg = Release|Any CPU
		{D088861D-2CB9-44B7-A769-C0D403BE194E}.Release|Any CPU.Build.0 = Release|Any CPU
		{83577118-D8B4-4053-9D7F-658C72BCBE86}.Debug|Any CPU.ActiveCfg = Debug|Any CPU
		{83577118-D8B4-4053-9D7F-658C72BCBE86}.Debug|Any CPU.Build.0 = Debug|Any CPU
		{83577118-D8B4-4053-9D7F-658C72BCBE86}.Release|Any CPU.ActiveCfg = Release|Any CPU
		{83577118-D8B4-4053-9D7F-658C72BCBE86}.Release|Any CPU.Build.0 = Release|Any CPU
		{AD6916AE-D082-402E-A151-127748D3A61F}.Debug|Any CPU.ActiveCfg = Debug|Any CPU
		{AD6916AE-D082-402E-A151-127748D3A61F}.Debug|Any CPU.Build.0 = Debug|Any CPU
		{AD6916AE-D082-402E-A151-127748D3A61F}.Release|Any CPU.ActiveCfg = Release|Any CPU
		{AD6916AE-D082-402E-A151-127748D3A61F}.Release|Any CPU.Build.0 = Release|Any CPU
	EndGlobalSection
	GlobalSection(SolutionProperties) = preSolution
		HideSolutionNode = FALSE
	EndGlobalSection
	GlobalSection(NestedProjects) = preSolution
		{B7297EC4-600D-4C99-878F-A66051EEAF29} = {38983137-882D-4979-9EAB-A6D1B4BCEFAC}
		{564CA019-52C8-4F50-A384-4316E67CBF42} = {38983137-882D-4979-9EAB-A6D1B4BCEFAC}
	EndGlobalSection
EndGlobal
